// !$*UTF8*$!
{
	archiveVersion = 1;
	classes = {
	};
	objectVersion = 77;
	objects = {

/* Begin PBXBuildFile section */
		23025B382CB917EF007AD58C /* PauseMenuView.swift in Sources */ = {isa = PBXBuildFile; fileRef = 23025B372CB917E9007AD58C /* PauseMenuView.swift */; };
		231534B02C9765AA00313540 /* View.xib in Resources */ = {isa = PBXBuildFile; fileRef = 231534AF2C9765AA00313540 /* View.xib */; };
		231AEE7F2CD1223E00BEC91E /* Panzer.swift in Sources */ = {isa = PBXBuildFile; fileRef = 231AEE7E2CD1222B00BEC91E /* Panzer.swift */; };
		231AEE812CD1227200BEC91E /* EnemyAI.swift in Sources */ = {isa = PBXBuildFile; fileRef = 231AEE802CD1225F00BEC91E /* EnemyAI.swift */; };
		231AEE832CD1229200BEC91E /* GameManager.swift in Sources */ = {isa = PBXBuildFile; fileRef = 231AEE822CD1228E00BEC91E /* GameManager.swift */; };
		231AEE852CD17FE900BEC91E /* Click.mp3 in Resources */ = {isa = PBXBuildFile; fileRef = 231AEE842CD17FE900BEC91E /* Click.mp3 */; };
		233A666E2C860420008FE60C /* Tanks_Arma_Get_OnApp.swift in Sources */ = {isa = PBXBuildFile; fileRef = 233A666D2C860420008FE60C /* Tanks_Arma_Get_OnApp.swift */; };
		233A66702C860420008FE60C /* ContentView.swift in Sources */ = {isa = PBXBuildFile; fileRef = 233A666F2C860420008FE60C /* ContentView.swift */; };
		233A66722C860421008FE60C /* Assets.xcassets in Resources */ = {isa = PBXBuildFile; fileRef = 233A66712C860421008FE60C /* Assets.xcassets */; };
		233A66752C860421008FE60C /* Preview Assets.xcassets in Resources */ = {isa = PBXBuildFile; fileRef = 233A66742C860421008FE60C /* Preview Assets.xcassets */; };
		233A667C2C86046C008FE60C /* GameScene.swift in Sources */ = {isa = PBXBuildFile; fileRef = 233A667B2C86046C008FE60C /* GameScene.swift */; };
		2363A3EA2C97400C00A95EDD /* TanksArmaDataModel.xcdatamodeld in Sources */ = {isa = PBXBuildFile; fileRef = 2363A3E82C97400B00A95EDD /* TanksArmaDataModel.xcdatamodeld */; };
		2363A3EC2C97404A00A95EDD /* PersistenceController.swift in Sources */ = {isa = PBXBuildFile; fileRef = 2363A3EB2C97404A00A95EDD /* PersistenceController.swift */; };
		2363A3EE2C97445100A95EDD /* StartView.swift in Sources */ = {isa = PBXBuildFile; fileRef = 2363A3ED2C97445100A95EDD /* StartView.swift */; };
		2379A6572CC0444000B7D82A /* ChuckNorritsViewModel.swift in Sources */ = {isa = PBXBuildFile; fileRef = 2379A6562CC0442C00B7D82A /* ChuckNorritsViewModel.swift */; };
		2379A6592CC0446C00B7D82A /* ChuckNorisJoke.swift in Sources */ = {isa = PBXBuildFile; fileRef = 2379A6582CC0445E00B7D82A /* ChuckNorisJoke.swift */; };
		2379A65B2CC0465C00B7D82A /* ChuckNorrisJokeView.swift in Sources */ = {isa = PBXBuildFile; fileRef = 2379A65A2CC0464F00B7D82A /* ChuckNorrisJokeView.swift */; };
		2379A6602CC04C8500B7D82A /* FavoriteListView.swift in Sources */ = {isa = PBXBuildFile; fileRef = 2379A65F2CC04C6E00B7D82A /* FavoriteListView.swift */; };
		2379A6652CC04E4D00B7D82A /* FavoriteDataModel.xcdatamodeld in Sources */ = {isa = PBXBuildFile; fileRef = 2379A6632CC04E4D00B7D82A /* FavoriteDataModel.xcdatamodeld */; };
		2379A66D2CC294D800B7D82A /* bulletHit.wav in Resources */ = {isa = PBXBuildFile; fileRef = 2379A6672CC294D800B7D82A /* bulletHit.wav */; };
		2379A66E2CC294D800B7D82A /* startScreen.mp3 in Resources */ = {isa = PBXBuildFile; fileRef = 2379A66B2CC294D800B7D82A /* startScreen.mp3 */; };
		2379A66F2CC294D800B7D82A /* explosion.wav in Resources */ = {isa = PBXBuildFile; fileRef = 2379A6692CC294D800B7D82A /* explosion.wav */; };
		2379A6702CC294D800B7D82A /* emptyWeapon.wav in Resources */ = {isa = PBXBuildFile; fileRef = 2379A6682CC294D800B7D82A /* emptyWeapon.wav */; };
		2379A6722CC295B300B7D82A /* tankMove.mp3 in Resources */ = {isa = PBXBuildFile; fileRef = 2379A6712CC295B300B7D82A /* tankMove.mp3 */; };
		2379A6742CC295FB00B7D82A /* shot.mp3 in Resources */ = {isa = PBXBuildFile; fileRef = 2379A6732CC295FB00B7D82A /* shot.mp3 */; };
		23B6C4EF2CAAD1CF00F2D8DB /* Rbsl.gif in Resources */ = {isa = PBXBuildFile; fileRef = 23B6C4EE2CAAD1CF00F2D8DB /* Rbsl.gif */; };
		23C971F22CA2D7400043CBB2 /* MapSelectScreenView.swift in Sources */ = {isa = PBXBuildFile; fileRef = 23C971F12CA2D7400043CBB2 /* MapSelectScreenView.swift */; };
		23C971F42CA2DBDD0043CBB2 /* MapSpriteView.swift in Sources */ = {isa = PBXBuildFile; fileRef = 23C971F32CA2DBDD0043CBB2 /* MapSpriteView.swift */; };
		23C971F72CA307B20043CBB2 /* SDWebImageSwiftUI in Frameworks */ = {isa = PBXBuildFile; productRef = 23C971F62CA307B20043CBB2 /* SDWebImageSwiftUI */; };
		23C971FB2CA55BE60043CBB2 /* SpriteView.swift in Sources */ = {isa = PBXBuildFile; fileRef = 23C971FA2CA55BE60043CBB2 /* SpriteView.swift */; };
		23C971FD2CA5A5FA0043CBB2 /* GameSceneView.swift in Sources */ = {isa = PBXBuildFile; fileRef = 23C971FC2CA5A5FA0043CBB2 /* GameSceneView.swift */; };
		23C972012CA5B9250043CBB2 /* GameScene.sks in Resources */ = {isa = PBXBuildFile; fileRef = 23C972002CA5B9250043CBB2 /* GameScene.sks */; };
		23F01B5D2CB022E60003F8DC /* Weapon.swift in Sources */ = {isa = PBXBuildFile; fileRef = 23F01B5C2CB022CF0003F8DC /* Weapon.swift */; };
		23F01B5F2CB060F00003F8DC /* WeaponMenuView.swift in Sources */ = {isa = PBXBuildFile; fileRef = 23F01B5E2CB060E70003F8DC /* WeaponMenuView.swift */; };
		23F6D4222C982ECD006087AF /* TileSet.sks in Resources */ = {isa = PBXBuildFile; fileRef = 23F6D4202C982ECD006087AF /* TileSet.sks */; };
		23F6D4232C982ECD006087AF /* Assets.xcassets in Resources */ = {isa = PBXBuildFile; fileRef = 23F6D4212C982ECD006087AF /* Assets.xcassets */; };
		23F6D4272C9C54E5006087AF /* SelectScreenView.swift in Sources */ = {isa = PBXBuildFile; fileRef = 23F6D4262C9C54E5006087AF /* SelectScreenView.swift */; };
		23F6D4292C9C5575006087AF /* GameView.swift in Sources */ = {isa = PBXBuildFile; fileRef = 23F6D4282C9C5575006087AF /* GameView.swift */; };
/* End PBXBuildFile section */

/* Begin PBXFileReference section */
		23025B372CB917E9007AD58C /* PauseMenuView.swift */ = {isa = PBXFileReference; lastKnownFileType = sourcecode.swift; path = PauseMenuView.swift; sourceTree = "<group>"; };
		231534AF2C9765AA00313540 /* View.xib */ = {isa = PBXFileReference; lastKnownFileType = file.xib; path = View.xib; sourceTree = "<group>"; };
		231AEE7E2CD1222B00BEC91E /* Panzer.swift */ = {isa = PBXFileReference; lastKnownFileType = sourcecode.swift; path = Panzer.swift; sourceTree = "<group>"; };
		231AEE802CD1225F00BEC91E /* EnemyAI.swift */ = {isa = PBXFileReference; lastKnownFileType = sourcecode.swift; path = EnemyAI.swift; sourceTree = "<group>"; };
		231AEE822CD1228E00BEC91E /* GameManager.swift */ = {isa = PBXFileReference; lastKnownFileType = sourcecode.swift; path = GameManager.swift; sourceTree = "<group>"; };
		231AEE842CD17FE900BEC91E /* Click.mp3 */ = {isa = PBXFileReference; lastKnownFileType = audio.mp3; path = Click.mp3; sourceTree = "<group>"; };
		233A666A2C860420008FE60C /* Tanks Arma Get On.app */ = {isa = PBXFileReference; explicitFileType = wrapper.application; includeInIndex = 0; path = "Tanks Arma Get On.app"; sourceTree = BUILT_PRODUCTS_DIR; };
		233A666D2C860420008FE60C /* Tanks_Arma_Get_OnApp.swift */ = {isa = PBXFileReference; lastKnownFileType = sourcecode.swift; path = Tanks_Arma_Get_OnApp.swift; sourceTree = "<group>"; };
		233A666F2C860420008FE60C /* ContentView.swift */ = {isa = PBXFileReference; lastKnownFileType = sourcecode.swift; path = ContentView.swift; sourceTree = "<group>"; };
		233A66712C860421008FE60C /* Assets.xcassets */ = {isa = PBXFileReference; lastKnownFileType = folder.assetcatalog; path = Assets.xcassets; sourceTree = "<group>"; };
		233A66742C860421008FE60C /* Preview Assets.xcassets */ = {isa = PBXFileReference; lastKnownFileType = folder.assetcatalog; path = "Preview Assets.xcassets"; sourceTree = "<group>"; };
		233A667B2C86046C008FE60C /* GameScene.swift */ = {isa = PBXFileReference; lastKnownFileType = sourcecode.swift; path = GameScene.swift; sourceTree = "<group>"; };
		2363A3E92C97400C00A95EDD /* TanksArmaDataModel.xcdatamodel */ = {isa = PBXFileReference; lastKnownFileType = wrapper.xcdatamodel; path = TanksArmaDataModel.xcdatamodel; sourceTree = "<group>"; };
		2363A3EB2C97404A00A95EDD /* PersistenceController.swift */ = {isa = PBXFileReference; lastKnownFileType = sourcecode.swift; path = PersistenceController.swift; sourceTree = "<group>"; };
		2363A3ED2C97445100A95EDD /* StartView.swift */ = {isa = PBXFileReference; lastKnownFileType = sourcecode.swift; path = StartView.swift; sourceTree = "<group>"; };
		2379A6562CC0442C00B7D82A /* ChuckNorritsViewModel.swift */ = {isa = PBXFileReference; lastKnownFileType = sourcecode.swift; path = ChuckNorritsViewModel.swift; sourceTree = "<group>"; };
		2379A6582CC0445E00B7D82A /* ChuckNorisJoke.swift */ = {isa = PBXFileReference; lastKnownFileType = sourcecode.swift; path = ChuckNorisJoke.swift; sourceTree = "<group>"; };
		2379A65A2CC0464F00B7D82A /* ChuckNorrisJokeView.swift */ = {isa = PBXFileReference; lastKnownFileType = sourcecode.swift; path = ChuckNorrisJokeView.swift; sourceTree = "<group>"; };
		2379A65F2CC04C6E00B7D82A /* FavoriteListView.swift */ = {isa = PBXFileReference; lastKnownFileType = sourcecode.swift; path = FavoriteListView.swift; sourceTree = "<group>"; };
		2379A6642CC04E4D00B7D82A /* FavoriteDataModel.xcdatamodel */ = {isa = PBXFileReference; lastKnownFileType = wrapper.xcdatamodel; path = FavoriteDataModel.xcdatamodel; sourceTree = "<group>"; };
		2379A6672CC294D800B7D82A /* bulletHit.wav */ = {isa = PBXFileReference; lastKnownFileType = audio.wav; path = bulletHit.wav; sourceTree = "<group>"; };
		2379A6682CC294D800B7D82A /* emptyWeapon.wav */ = {isa = PBXFileReference; lastKnownFileType = audio.wav; path = emptyWeapon.wav; sourceTree = "<group>"; };
		2379A6692CC294D800B7D82A /* explosion.wav */ = {isa = PBXFileReference; lastKnownFileType = audio.wav; path = explosion.wav; sourceTree = "<group>"; };
		2379A66B2CC294D800B7D82A /* startScreen.mp3 */ = {isa = PBXFileReference; lastKnownFileType = audio.mp3; path = startScreen.mp3; sourceTree = "<group>"; };
		2379A6712CC295B300B7D82A /* tankMove.mp3 */ = {isa = PBXFileReference; lastKnownFileType = audio.mp3; path = tankMove.mp3; sourceTree = "<group>"; };
		2379A6732CC295FB00B7D82A /* shot.mp3 */ = {isa = PBXFileReference; lastKnownFileType = audio.mp3; path = shot.mp3; sourceTree = "<group>"; };
		23B6C4EE2CAAD1CF00F2D8DB /* Rbsl.gif */ = {isa = PBXFileReference; lastKnownFileType = image.gif; path = Rbsl.gif; sourceTree = "<group>"; };
		23C971F12CA2D7400043CBB2 /* MapSelectScreenView.swift */ = {isa = PBXFileReference; lastKnownFileType = sourcecode.swift; path = MapSelectScreenView.swift; sourceTree = "<group>"; };
		23C971F32CA2DBDD0043CBB2 /* MapSpriteView.swift */ = {isa = PBXFileReference; lastKnownFileType = sourcecode.swift; path = MapSpriteView.swift; sourceTree = "<group>"; };
		23C971FA2CA55BE60043CBB2 /* SpriteView.swift */ = {isa = PBXFileReference; lastKnownFileType = sourcecode.swift; path = SpriteView.swift; sourceTree = "<group>"; };
		23C971FC2CA5A5FA0043CBB2 /* GameSceneView.swift */ = {isa = PBXFileReference; lastKnownFileType = sourcecode.swift; path = GameSceneView.swift; sourceTree = "<group>"; };
		23C972002CA5B9250043CBB2 /* GameScene.sks */ = {isa = PBXFileReference; lastKnownFileType = file.sks; path = GameScene.sks; sourceTree = "<group>"; };
		23C972072CA6D59A0043CBB2 /* Rbsl.gif */ = {isa = PBXFileReference; lastKnownFileType = image.gif; path = Rbsl.gif; sourceTree = "<group>"; };
		23F01B5C2CB022CF0003F8DC /* Weapon.swift */ = {isa = PBXFileReference; lastKnownFileType = sourcecode.swift; path = Weapon.swift; sourceTree = "<group>"; };
		23F01B5E2CB060E70003F8DC /* WeaponMenuView.swift */ = {isa = PBXFileReference; lastKnownFileType = sourcecode.swift; path = WeaponMenuView.swift; sourceTree = "<group>"; };
		23F6D4202C982ECD006087AF /* TileSet.sks */ = {isa = PBXFileReference; lastKnownFileType = file.sks; path = TileSet.sks; sourceTree = "<group>"; };
		23F6D4212C982ECD006087AF /* Assets.xcassets */ = {isa = PBXFileReference; lastKnownFileType = folder.assetcatalog; name = Assets.xcassets; path = Tiles/Assets.xcassets; sourceTree = "<group>"; };
		23F6D4262C9C54E5006087AF /* SelectScreenView.swift */ = {isa = PBXFileReference; lastKnownFileType = sourcecode.swift; path = SelectScreenView.swift; sourceTree = "<group>"; };
		23F6D4282C9C5575006087AF /* GameView.swift */ = {isa = PBXFileReference; lastKnownFileType = sourcecode.swift; path = GameView.swift; sourceTree = "<group>"; };
/* End PBXFileReference section */

/* Begin PBXFrameworksBuildPhase section */
		233A66672C860420008FE60C /* Frameworks */ = {
			isa = PBXFrameworksBuildPhase;
			buildActionMask = 2147483647;
			files = (
				23C971F72CA307B20043CBB2 /* SDWebImageSwiftUI in Frameworks */,
			);
			runOnlyForDeploymentPostprocessing = 0;
		};
/* End PBXFrameworksBuildPhase section */

/* Begin PBXGroup section */
		231AEE7D2CD121CB00BEC91E /* Class */ = {
			isa = PBXGroup;
			children = (
				231AEE822CD1228E00BEC91E /* GameManager.swift */,
				231AEE802CD1225F00BEC91E /* EnemyAI.swift */,
				231AEE7E2CD1222B00BEC91E /* Panzer.swift */,
			);
			path = Class;
			sourceTree = "<group>";
		};
		233A66612C860420008FE60C = {
			isa = PBXGroup;
			children = (
				23B6C4EE2CAAD1CF00F2D8DB /* Rbsl.gif */,
				2379A6672CC294D800B7D82A /* bulletHit.wav */,
				231AEE842CD17FE900BEC91E /* Click.mp3 */,
				2379A6682CC294D800B7D82A /* emptyWeapon.wav */,
				2379A6692CC294D800B7D82A /* explosion.wav */,
				2379A6712CC295B300B7D82A /* tankMove.mp3 */,
				2379A6732CC295FB00B7D82A /* shot.mp3 */,
				2379A66B2CC294D800B7D82A /* startScreen.mp3 */,
				233A666C2C860420008FE60C /* Tanks Arma Get On */,
				233A666B2C860420008FE60C /* Products */,
			);
			sourceTree = "<group>";
		};
		233A666B2C860420008FE60C /* Products */ = {
			isa = PBXGroup;
			children = (
				233A666A2C860420008FE60C /* Tanks Arma Get On.app */,
			);
			name = Products;
			sourceTree = "<group>";
		};
		233A666C2C860420008FE60C /* Tanks Arma Get On */ = {
			isa = PBXGroup;
			children = (
				231AEE7D2CD121CB00BEC91E /* Class */,
				23F01B5B2CB022BD0003F8DC /* Weapon */,
				23C972062CA6D5920043CBB2 /* Gif´s */,
				23F6D4212C982ECD006087AF /* Assets.xcassets */,
				23C972052CA6D54F0043CBB2 /* Tiles */,
				23C972022CA6D4CB0043CBB2 /* Scenes */,
				23F6D4252C9C5496006087AF /* Viewmodel */,
				23F6D4242C9C5485006087AF /* Views */,
				233A66C02C89EBEB008FE60C /* Repository */,
				233A66BB2C89EB11008FE60C /* Models */,
				233A666D2C860420008FE60C /* Tanks_Arma_Get_OnApp.swift */,
				233A666F2C860420008FE60C /* ContentView.swift */,
				233A66712C860421008FE60C /* Assets.xcassets */,
				233A66732C860421008FE60C /* Preview Content */,
			);
			path = "Tanks Arma Get On";
			sourceTree = "<group>";
		};
		233A66732C860421008FE60C /* Preview Content */ = {
			isa = PBXGroup;
			children = (
				233A66742C860421008FE60C /* Preview Assets.xcassets */,
			);
			path = "Preview Content";
			sourceTree = "<group>";
		};
		233A66BB2C89EB11008FE60C /* Models */ = {
			isa = PBXGroup;
			children = (
				2379A6582CC0445E00B7D82A /* ChuckNorisJoke.swift */,
				2363A3E82C97400B00A95EDD /* TanksArmaDataModel.xcdatamodeld */,
				2379A6632CC04E4D00B7D82A /* FavoriteDataModel.xcdatamodeld */,
			);
			path = Models;
			sourceTree = "<group>";
		};
		233A66C02C89EBEB008FE60C /* Repository */ = {
			isa = PBXGroup;
			children = (
				2363A3EB2C97404A00A95EDD /* PersistenceController.swift */,
			);
			path = Repository;
			sourceTree = "<group>";
		};
		23C972022CA6D4CB0043CBB2 /* Scenes */ = {
			isa = PBXGroup;
			children = (
				23C972002CA5B9250043CBB2 /* GameScene.sks */,
				233A667B2C86046C008FE60C /* GameScene.swift */,
			);
			path = Scenes;
			sourceTree = "<group>";
		};
		23C972052CA6D54F0043CBB2 /* Tiles */ = {
			isa = PBXGroup;
			children = (
				23F6D4202C982ECD006087AF /* TileSet.sks */,
			);
			path = Tiles;
			sourceTree = "<group>";
		};
		23C972062CA6D5920043CBB2 /* Gif´s */ = {
			isa = PBXGroup;
			children = (
				23C972072CA6D59A0043CBB2 /* Rbsl.gif */,
			);
			path = "Gif´s";
			sourceTree = "<group>";
		};
		23F01B5B2CB022BD0003F8DC /* Weapon */ = {
			isa = PBXGroup;
			children = (
				23F01B5C2CB022CF0003F8DC /* Weapon.swift */,
			);
			path = Weapon;
			sourceTree = "<group>";
		};
		23F6D4242C9C5485006087AF /* Views */ = {
			isa = PBXGroup;
			children = (
				2379A65F2CC04C6E00B7D82A /* FavoriteListView.swift */,
				2379A65A2CC0464F00B7D82A /* ChuckNorrisJokeView.swift */,
				23025B372CB917E9007AD58C /* PauseMenuView.swift */,
				23F01B5E2CB060E70003F8DC /* WeaponMenuView.swift */,
				2363A3ED2C97445100A95EDD /* StartView.swift */,
				23F6D4262C9C54E5006087AF /* SelectScreenView.swift */,
				23F6D4282C9C5575006087AF /* GameView.swift */,
				23C971F12CA2D7400043CBB2 /* MapSelectScreenView.swift */,
				23C971F32CA2DBDD0043CBB2 /* MapSpriteView.swift */,
				23C971FA2CA55BE60043CBB2 /* SpriteView.swift */,
				23C971FC2CA5A5FA0043CBB2 /* GameSceneView.swift */,
			);
			path = Views;
			sourceTree = "<group>";
		};
		23F6D4252C9C5496006087AF /* Viewmodel */ = {
			isa = PBXGroup;
			children = (
				2379A6562CC0442C00B7D82A /* ChuckNorritsViewModel.swift */,
				231534AF2C9765AA00313540 /* View.xib */,
			);
			path = Viewmodel;
			sourceTree = "<group>";
		};
/* End PBXGroup section */

/* Begin PBXNativeTarget section */
		233A66692C860420008FE60C /* Tanks Arma Get On */ = {
			isa = PBXNativeTarget;
			buildConfigurationList = 233A66782C860421008FE60C /* Build configuration list for PBXNativeTarget "Tanks Arma Get On" */;
			buildPhases = (
				233A66662C860420008FE60C /* Sources */,
				233A66672C860420008FE60C /* Frameworks */,
				233A66682C860420008FE60C /* Resources */,
			);
			buildRules = (
			);
			dependencies = (
			);
			name = "Tanks Arma Get On";
			packageProductDependencies = (
				23C971F62CA307B20043CBB2 /* SDWebImageSwiftUI */,
			);
			productName = "Tanks Arma Get On";
			productReference = 233A666A2C860420008FE60C /* Tanks Arma Get On.app */;
			productType = "com.apple.product-type.application";
		};
/* End PBXNativeTarget section */

/* Begin PBXProject section */
		233A66622C860420008FE60C /* Project object */ = {
			isa = PBXProject;
			attributes = {
				BuildIndependentTargetsInParallel = 1;
				LastSwiftUpdateCheck = 1540;
				LastUpgradeCheck = 1540;
				TargetAttributes = {
					233A66692C860420008FE60C = {
						CreatedOnToolsVersion = 15.4;
					};
				};
			};
			buildConfigurationList = 233A66652C860420008FE60C /* Build configuration list for PBXProject "Tanks Arma Get On" */;
			developmentRegion = en;
			hasScannedForEncodings = 0;
			knownRegions = (
				en,
				Base,
			);
			mainGroup = 233A66612C860420008FE60C;
			packageReferences = (
				23C971F52CA307B20043CBB2 /* XCRemoteSwiftPackageReference "SDWebImageSwiftUI" */,
			);
			preferredProjectObjectVersion = 77;
			productRefGroup = 233A666B2C860420008FE60C /* Products */;
			projectDirPath = "";
			projectRoot = "";
			targets = (
				233A66692C860420008FE60C /* Tanks Arma Get On */,
			);
		};
/* End PBXProject section */

/* Begin PBXResourcesBuildPhase section */
		233A66682C860420008FE60C /* Resources */ = {
			isa = PBXResourcesBuildPhase;
			buildActionMask = 2147483647;
			files = (
				231534B02C9765AA00313540 /* View.xib in Resources */,
				2379A66D2CC294D800B7D82A /* bulletHit.wav in Resources */,
				2379A66E2CC294D800B7D82A /* startScreen.mp3 in Resources */,
				231AEE852CD17FE900BEC91E /* Click.mp3 in Resources */,
				2379A66F2CC294D800B7D82A /* explosion.wav in Resources */,
				2379A6702CC294D800B7D82A /* emptyWeapon.wav in Resources */,
				2379A6742CC295FB00B7D82A /* shot.mp3 in Resources */,
				233A66752C860421008FE60C /* Preview Assets.xcassets in Resources */,
				2379A6722CC295B300B7D82A /* tankMove.mp3 in Resources */,
				233A66722C860421008FE60C /* Assets.xcassets in Resources */,
				23F6D4222C982ECD006087AF /* TileSet.sks in Resources */,
				23C972012CA5B9250043CBB2 /* GameScene.sks in Resources */,
				23B6C4EF2CAAD1CF00F2D8DB /* Rbsl.gif in Resources */,
				23F6D4232C982ECD006087AF /* Assets.xcassets in Resources */,
			);
			runOnlyForDeploymentPostprocessing = 0;
		};
/* End PBXResourcesBuildPhase section */

/* Begin PBXSourcesBuildPhase section */
		233A66662C860420008FE60C /* Sources */ = {
			isa = PBXSourcesBuildPhase;
			buildActionMask = 2147483647;
			files = (
				2363A3EA2C97400C00A95EDD /* TanksArmaDataModel.xcdatamodeld in Sources */,
				231AEE832CD1229200BEC91E /* GameManager.swift in Sources */,
				23C971FD2CA5A5FA0043CBB2 /* GameSceneView.swift in Sources */,
				23C971F22CA2D7400043CBB2 /* MapSelectScreenView.swift in Sources */,
				23F6D4272C9C54E5006087AF /* SelectScreenView.swift in Sources */,
				23025B382CB917EF007AD58C /* PauseMenuView.swift in Sources */,
				233A667C2C86046C008FE60C /* GameScene.swift in Sources */,
				233A66702C860420008FE60C /* ContentView.swift in Sources */,
				2363A3EE2C97445100A95EDD /* StartView.swift in Sources */,
				233A666E2C860420008FE60C /* Tanks_Arma_Get_OnApp.swift in Sources */,
				231AEE812CD1227200BEC91E /* EnemyAI.swift in Sources */,
				2379A65B2CC0465C00B7D82A /* ChuckNorrisJokeView.swift in Sources */,
				23C971F42CA2DBDD0043CBB2 /* MapSpriteView.swift in Sources */,
				23C971FB2CA55BE60043CBB2 /* SpriteView.swift in Sources */,
				23F6D4292C9C5575006087AF /* GameView.swift in Sources */,
				2379A6652CC04E4D00B7D82A /* FavoriteDataModel.xcdatamodeld in Sources */,
				23F01B5D2CB022E60003F8DC /* Weapon.swift in Sources */,
				2379A6572CC0444000B7D82A /* ChuckNorritsViewModel.swift in Sources */,
				231AEE7F2CD1223E00BEC91E /* Panzer.swift in Sources */,
				2379A6592CC0446C00B7D82A /* ChuckNorisJoke.swift in Sources */,
				2379A6602CC04C8500B7D82A /* FavoriteListView.swift in Sources */,
				2363A3EC2C97404A00A95EDD /* PersistenceController.swift in Sources */,
				23F01B5F2CB060F00003F8DC /* WeaponMenuView.swift in Sources */,
			);
			runOnlyForDeploymentPostprocessing = 0;
		};
/* End PBXSourcesBuildPhase section */

/* Begin XCBuildConfiguration section */
		233A66762C860421008FE60C /* Debug */ = {
			isa = XCBuildConfiguration;
			buildSettings = {
				ALWAYS_SEARCH_USER_PATHS = NO;
				ASSETCATALOG_COMPILER_GENERATE_SWIFT_ASSET_SYMBOL_EXTENSIONS = YES;
				CLANG_ANALYZER_NONNULL = YES;
				CLANG_ANALYZER_NUMBER_OBJECT_CONVERSION = YES_AGGRESSIVE;
				CLANG_CXX_LANGUAGE_STANDARD = "gnu++20";
				CLANG_ENABLE_MODULES = YES;
				CLANG_ENABLE_OBJC_ARC = YES;
				CLANG_ENABLE_OBJC_WEAK = YES;
				CLANG_WARN_BLOCK_CAPTURE_AUTORELEASING = YES;
				CLANG_WARN_BOOL_CONVERSION = YES;
				CLANG_WARN_COMMA = YES;
				CLANG_WARN_CONSTANT_CONVERSION = YES;
				CLANG_WARN_DEPRECATED_OBJC_IMPLEMENTATIONS = YES;
				CLANG_WARN_DIRECT_OBJC_ISA_USAGE = YES_ERROR;
				CLANG_WARN_DOCUMENTATION_COMMENTS = YES;
				CLANG_WARN_EMPTY_BODY = YES;
				CLANG_WARN_ENUM_CONVERSION = YES;
				CLANG_WARN_INFINITE_RECURSION = YES;
				CLANG_WARN_INT_CONVERSION = YES;
				CLANG_WARN_NON_LITERAL_NULL_CONVERSION = YES;
				CLANG_WARN_OBJC_IMPLICIT_RETAIN_SELF = YES;
				CLANG_WARN_OBJC_LITERAL_CONVERSION = YES;
				CLANG_WARN_OBJC_ROOT_CLASS = YES_ERROR;
				CLANG_WARN_QUOTED_INCLUDE_IN_FRAMEWORK_HEADER = YES;
				CLANG_WARN_RANGE_LOOP_ANALYSIS = YES;
				CLANG_WARN_STRICT_PROTOTYPES = YES;
				CLANG_WARN_SUSPICIOUS_MOVE = YES;
				CLANG_WARN_UNGUARDED_AVAILABILITY = YES_AGGRESSIVE;
				CLANG_WARN_UNREACHABLE_CODE = YES;
				CLANG_WARN__DUPLICATE_METHOD_MATCH = YES;
				COPY_PHASE_STRIP = NO;
				DEBUG_INFORMATION_FORMAT = dwarf;
				ENABLE_STRICT_OBJC_MSGSEND = YES;
				ENABLE_TESTABILITY = YES;
				ENABLE_USER_SCRIPT_SANDBOXING = YES;
				GCC_C_LANGUAGE_STANDARD = gnu17;
				GCC_DYNAMIC_NO_PIC = NO;
				GCC_NO_COMMON_BLOCKS = YES;
				GCC_OPTIMIZATION_LEVEL = 0;
				GCC_PREPROCESSOR_DEFINITIONS = (
					"DEBUG=1",
					"$(inherited)",
				);
				GCC_WARN_64_TO_32_BIT_CONVERSION = YES;
				GCC_WARN_ABOUT_RETURN_TYPE = YES_ERROR;
				GCC_WARN_UNDECLARED_SELECTOR = YES;
				GCC_WARN_UNINITIALIZED_AUTOS = YES_AGGRESSIVE;
				GCC_WARN_UNUSED_FUNCTION = YES;
				GCC_WARN_UNUSED_VARIABLE = YES;
				IPHONEOS_DEPLOYMENT_TARGET = 17.5;
				LOCALIZATION_PREFERS_STRING_CATALOGS = YES;
				MTL_ENABLE_DEBUG_INFO = INCLUDE_SOURCE;
				MTL_FAST_MATH = YES;
				ONLY_ACTIVE_ARCH = YES;
				SDKROOT = iphoneos;
				SWIFT_ACTIVE_COMPILATION_CONDITIONS = "DEBUG $(inherited)";
				SWIFT_OPTIMIZATION_LEVEL = "-Onone";
			};
			name = Debug;
		};
		233A66772C860421008FE60C /* Release */ = {
			isa = XCBuildConfiguration;
			buildSettings = {
				ALWAYS_SEARCH_USER_PATHS = NO;
				ASSETCATALOG_COMPILER_GENERATE_SWIFT_ASSET_SYMBOL_EXTENSIONS = YES;
				CLANG_ANALYZER_NONNULL = YES;
				CLANG_ANALYZER_NUMBER_OBJECT_CONVERSION = YES_AGGRESSIVE;
				CLANG_CXX_LANGUAGE_STANDARD = "gnu++20";
				CLANG_ENABLE_MODULES = YES;
				CLANG_ENABLE_OBJC_ARC = YES;
				CLANG_ENABLE_OBJC_WEAK = YES;
				CLANG_WARN_BLOCK_CAPTURE_AUTORELEASING = YES;
				CLANG_WARN_BOOL_CONVERSION = YES;
				CLANG_WARN_COMMA = YES;
				CLANG_WARN_CONSTANT_CONVERSION = YES;
				CLANG_WARN_DEPRECATED_OBJC_IMPLEMENTATIONS = YES;
				CLANG_WARN_DIRECT_OBJC_ISA_USAGE = YES_ERROR;
				CLANG_WARN_DOCUMENTATION_COMMENTS = YES;
				CLANG_WARN_EMPTY_BODY = YES;
				CLANG_WARN_ENUM_CONVERSION = YES;
				CLANG_WARN_INFINITE_RECURSION = YES;
				CLANG_WARN_INT_CONVERSION = YES;
				CLANG_WARN_NON_LITERAL_NULL_CONVERSION = YES;
				CLANG_WARN_OBJC_IMPLICIT_RETAIN_SELF = YES;
				CLANG_WARN_OBJC_LITERAL_CONVERSION = YES;
				CLANG_WARN_OBJC_ROOT_CLASS = YES_ERROR;
				CLANG_WARN_QUOTED_INCLUDE_IN_FRAMEWORK_HEADER = YES;
				CLANG_WARN_RANGE_LOOP_ANALYSIS = YES;
				CLANG_WARN_STRICT_PROTOTYPES = YES;
				CLANG_WARN_SUSPICIOUS_MOVE = YES;
				CLANG_WARN_UNGUARDED_AVAILABILITY = YES_AGGRESSIVE;
				CLANG_WARN_UNREACHABLE_CODE = YES;
				CLANG_WARN__DUPLICATE_METHOD_MATCH = YES;
				COPY_PHASE_STRIP = NO;
				DEBUG_INFORMATION_FORMAT = "dwarf-with-dsym";
				ENABLE_NS_ASSERTIONS = NO;
				ENABLE_STRICT_OBJC_MSGSEND = YES;
				ENABLE_USER_SCRIPT_SANDBOXING = YES;
				GCC_C_LANGUAGE_STANDARD = gnu17;
				GCC_NO_COMMON_BLOCKS = YES;
				GCC_WARN_64_TO_32_BIT_CONVERSION = YES;
				GCC_WARN_ABOUT_RETURN_TYPE = YES_ERROR;
				GCC_WARN_UNDECLARED_SELECTOR = YES;
				GCC_WARN_UNINITIALIZED_AUTOS = YES_AGGRESSIVE;
				GCC_WARN_UNUSED_FUNCTION = YES;
				GCC_WARN_UNUSED_VARIABLE = YES;
				IPHONEOS_DEPLOYMENT_TARGET = 17.5;
				LOCALIZATION_PREFERS_STRING_CATALOGS = YES;
				MTL_ENABLE_DEBUG_INFO = NO;
				MTL_FAST_MATH = YES;
				SDKROOT = iphoneos;
				SWIFT_COMPILATION_MODE = wholemodule;
				VALIDATE_PRODUCT = YES;
			};
			name = Release;
		};
		233A66792C860421008FE60C /* Debug */ = {
			isa = XCBuildConfiguration;
			buildSettings = {
				ASSETCATALOG_COMPILER_APPICON_NAME = AppIcon;
				ASSETCATALOG_COMPILER_GLOBAL_ACCENT_COLOR_NAME = AccentColor;
				CODE_SIGN_STYLE = Automatic;
				CURRENT_PROJECT_VERSION = 1;
				DEVELOPMENT_ASSET_PATHS = "\"Tanks Arma Get On/Preview Content\"";
				DEVELOPMENT_TEAM = 2AAK35KYGQ;
				ENABLE_PREVIEWS = YES;
				GENERATE_INFOPLIST_FILE = YES;
				INFOPLIST_KEY_UIApplicationSceneManifest_Generation = YES;
				INFOPLIST_KEY_UIApplicationSupportsIndirectInputEvents = YES;
				INFOPLIST_KEY_UILaunchScreen_Generation = YES;
				INFOPLIST_KEY_UISupportedInterfaceOrientations = "UIInterfaceOrientationLandscapeLeft UIInterfaceOrientationLandscapeRight";
				LD_RUNPATH_SEARCH_PATHS = (
					"$(inherited)",
					"@executable_path/Frameworks",
				);
				MARKETING_VERSION = 1.0;
				PRODUCT_BUNDLE_IDENTIFIER = "com.loggiaAntonio.Tanks-Arma-Get-On";
				PRODUCT_NAME = "$(TARGET_NAME)";
				SWIFT_EMIT_LOC_STRINGS = YES;
				SWIFT_VERSION = 5.0;
				TARGETED_DEVICE_FAMILY = "1,2";
			};
			name = Debug;
		};
		233A667A2C860421008FE60C /* Release */ = {
			isa = XCBuildConfiguration;
			buildSettings = {
				ASSETCATALOG_COMPILER_APPICON_NAME = AppIcon;
				ASSETCATALOG_COMPILER_GLOBAL_ACCENT_COLOR_NAME = AccentColor;
				CODE_SIGN_STYLE = Automatic;
				CURRENT_PROJECT_VERSION = 1;
				DEVELOPMENT_ASSET_PATHS = "\"Tanks Arma Get On/Preview Content\"";
				DEVELOPMENT_TEAM = 2AAK35KYGQ;
				ENABLE_PREVIEWS = YES;
				GENERATE_INFOPLIST_FILE = YES;
				INFOPLIST_KEY_UIApplicationSceneManifest_Generation = YES;
				INFOPLIST_KEY_UIApplicationSupportsIndirectInputEvents = YES;
				INFOPLIST_KEY_UILaunchScreen_Generation = YES;
				INFOPLIST_KEY_UISupportedInterfaceOrientations = "UIInterfaceOrientationLandscapeLeft UIInterfaceOrientationLandscapeRight";
				LD_RUNPATH_SEARCH_PATHS = (
					"$(inherited)",
					"@executable_path/Frameworks",
				);
				MARKETING_VERSION = 1.0;
				PRODUCT_BUNDLE_IDENTIFIER = "com.loggiaAntonio.Tanks-Arma-Get-On";
				PRODUCT_NAME = "$(TARGET_NAME)";
				SWIFT_EMIT_LOC_STRINGS = YES;
				SWIFT_VERSION = 5.0;
				TARGETED_DEVICE_FAMILY = "1,2";
			};
			name = Release;
		};
/* End XCBuildConfiguration section */

/* Begin XCConfigurationList section */
		233A66652C860420008FE60C /* Build configuration list for PBXProject "Tanks Arma Get On" */ = {
			isa = XCConfigurationList;
			buildConfigurations = (
				233A66762C860421008FE60C /* Debug */,
				233A66772C860421008FE60C /* Release */,
			);
			defaultConfigurationIsVisible = 0;
			defaultConfigurationName = Release;
		};
		233A66782C860421008FE60C /* Build configuration list for PBXNativeTarget "Tanks Arma Get On" */ = {
			isa = XCConfigurationList;
			buildConfigurations = (
				233A66792C860421008FE60C /* Debug */,
				233A667A2C860421008FE60C /* Release */,
			);
			defaultConfigurationIsVisible = 0;
			defaultConfigurationName = Release;
		};
/* End XCConfigurationList section */

/* Begin XCRemoteSwiftPackageReference section */
		23C971F52CA307B20043CBB2 /* XCRemoteSwiftPackageReference "SDWebImageSwiftUI" */ = {
			isa = XCRemoteSwiftPackageReference;
			repositoryURL = "https://github.com/SDWebImage/SDWebImageSwiftUI.git";
			requirement = {
				kind = upToNextMajorVersion;
				minimumVersion = 3.1.2;
			};
		};
/* End XCRemoteSwiftPackageReference section */

/* Begin XCSwiftPackageProductDependency section */
		23C971F62CA307B20043CBB2 /* SDWebImageSwiftUI */ = {
			isa = XCSwiftPackageProductDependency;
			package = 23C971F52CA307B20043CBB2 /* XCRemoteSwiftPackageReference "SDWebImageSwiftUI" */;
			productName = SDWebImageSwiftUI;
		};
/* End XCSwiftPackageProductDependency section */

/* Begin XCVersionGroup section */
		2363A3E82C97400B00A95EDD /* TanksArmaDataModel.xcdatamodeld */ = {
			isa = XCVersionGroup;
			children = (
				2363A3E92C97400C00A95EDD /* TanksArmaDataModel.xcdatamodel */,
			);
			currentVersion = 2363A3E92C97400C00A95EDD /* TanksArmaDataModel.xcdatamodel */;
			path = TanksArmaDataModel.xcdatamodeld;
			sourceTree = "<group>";
			versionGroupType = wrapper.xcdatamodel;
		};
		2379A6632CC04E4D00B7D82A /* FavoriteDataModel.xcdatamodeld */ = {
			isa = XCVersionGroup;
			children = (
				2379A6642CC04E4D00B7D82A /* FavoriteDataModel.xcdatamodel */,
			);
			currentVersion = 2379A6642CC04E4D00B7D82A /* FavoriteDataModel.xcdatamodel */;
			path = FavoriteDataModel.xcdatamodeld;
			sourceTree = "<group>";
			versionGroupType = wrapper.xcdatamodel;
		};
/* End XCVersionGroup section */
	};
	rootObject = 233A66622C860420008FE60C /* Project object */;
}
